
Microsoft Visual Studio Solution File, Format Version 12.00
# Visual Studio Version 17
VisualStudioVersion = 17.14.36109.1 d17.14
MinimumVisualStudioVersion = 10.0.40219.1
Project("{2150E333-8FDC-42A3-9474-1A3956D46DE8}") = "src", "src", "{02EA681E-C7D8-13C7-8484-4AC65E1B71E8}"
EndProject
Project("{FAE04EC0-301F-11D3-BF4B-00C04F79EFBC}") = "Goodreads.Domain", "Goodreads.Domain\Goodreads.Domain.csproj", "{9E993EE2-2174-4E13-8AB2-938B2EF9198F}"
EndProject
Project("{FAE04EC0-301F-11D3-BF4B-00C04F79EFBC}") = "Goodreads.Application", "Goodreads.Application\Goodreads.Application.csproj", "{2219CD27-AAF0-41A4-B8BE-F5DB940AD703}"
EndProject
Project("{FAE04EC0-301F-11D3-BF4B-00C04F79EFBC}") = "Goodreads.Infrastructure", "Goodreads.Infrastructure\Goodreads.Infrastructure.csproj", "{094BFA34-E12B-4ADD-81DA-1BB6887D9BBD}"
EndProject
Project("{FAE04EC0-301F-11D3-BF4B-00C04F79EFBC}") = "Goodreads.API", "Goodreads.API\Goodreads.API.csproj", "{40BA5763-891F-4922-A7CD-9DF6C1349FD1}"
EndProject
Global
	GlobalSection(SolutionConfigurationPlatforms) = preSolution
		Debug|Any CPU = Debug|Any CPU
		Release|Any CPU = Release|Any CPU
	EndGlobalSection
	GlobalSection(ProjectConfigurationPlatforms) = postSolution
		{9E993EE2-2174-4E13-8AB2-938B2EF9198F}.Debug|Any CPU.ActiveCfg = Debug|Any CPU
		{9E993EE2-2174-4E13-8AB2-938B2EF9198F}.Debug|Any CPU.Build.0 = Debug|Any CPU
		{9E993EE2-2174-4E13-8AB2-938B2EF9198F}.Release|Any CPU.ActiveCfg = Release|Any CPU
		{9E993EE2-2174-4E13-8AB2-938B2EF9198F}.Release|Any CPU.Build.0 = Release|Any CPU
		{2219CD27-AAF0-41A4-B8BE-F5DB940AD703}.Debug|Any CPU.ActiveCfg = Debug|Any CPU
		{2219CD27-AAF0-41A4-B8BE-F5DB940AD703}.Debug|Any CPU.Build.0 = Debug|Any CPU
		{2219CD27-AAF0-41A4-B8BE-F5DB940AD703}.Release|Any CPU.ActiveCfg = Release|Any CPU
		{2219CD27-AAF0-41A4-B8BE-F5DB940AD703}.Release|Any CPU.Build.0 = Release|Any CPU
		{094BFA34-E12B-4ADD-81DA-1BB6887D9BBD}.Debug|Any CPU.ActiveCfg = Debug|Any CPU
		{094BFA34-E12B-4ADD-81DA-1BB6887D9BBD}.Debug|Any CPU.Build.0 = Debug|Any CPU
		{094BFA34-E12B-4ADD-81DA-1BB6887D9BBD}.Release|Any CPU.ActiveCfg = Release|Any CPU
		{094BFA34-E12B-4ADD-81DA-1BB6887D9BBD}.Release|Any CPU.Build.0 = Release|Any CPU
		{40BA5763-891F-4922-A7CD-9DF6C1349FD1}.Debug|Any CPU.ActiveCfg = Debug|Any CPU
		{40BA5763-891F-4922-A7CD-9DF6C1349FD1}.Debug|Any CPU.Build.0 = Debug|Any CPU
		{40BA5763-891F-4922-A7CD-9DF6C1349FD1}.Release|Any CPU.ActiveCfg = Release|Any CPU
		{40BA5763-891F-4922-A7CD-9DF6C1349FD1}.Release|Any CPU.Build.0 = Release|Any CPU
	EndGlobalSection
	GlobalSection(SolutionProperties) = preSolution
		HideSolutionNode = FALSE
	EndGlobalSection
	GlobalSection(NestedProjects) = preSolution
		{9E993EE2-2174-4E13-8AB2-938B2EF9198F} = {02EA681E-C7D8-13C7-8484-4AC65E1B71E8}
		{2219CD27-AAF0-41A4-B8BE-F5DB940AD703} = {02EA681E-C7D8-13C7-8484-4AC65E1B71E8}
		{094BFA34-E12B-4ADD-81DA-1BB6887D9BBD} = {02EA681E-C7D8-13C7-8484-4AC65E1B71E8}
		{40BA5763-891F-4922-A7CD-9DF6C1349FD1} = {02EA681E-C7D8-13C7-8484-4AC65E1B71E8}
	EndGlobalSection
	GlobalSection(ExtensibilityGlobals) = postSolution
		SolutionGuid = {5EA6977F-8995-4C19-B1D6-2FD91BBF7C43}
	EndGlobalSection
EndGlobal
